// !$*UTF8*$!
{
	archiveVersion = 1;
	classes = {
	};
	objectVersion = 46;
	objects = {

/* Begin PBXBuildFile section */
		EC77FC8813B97023006E0847 /* Foundation.framework in Frameworks */ = {isa = PBXBuildFile; fileRef = EC77FC8713B97023006E0847 /* Foundation.framework */; };
		EC77FC8A13B97023006E0847 /* UIKit.framework in Frameworks */ = {isa = PBXBuildFile; fileRef = EC77FC8913B97023006E0847 /* UIKit.framework */; };
		EC77FC8C13B97023006E0847 /* CoreGraphics.framework in Frameworks */ = {isa = PBXBuildFile; fileRef = EC77FC8B13B97023006E0847 /* CoreGraphics.framework */; };
		EC77FC8E13B97023006E0847 /* AddressBook.framework in Frameworks */ = {isa = PBXBuildFile; fileRef = EC77FC8D13B97023006E0847 /* AddressBook.framework */; };
		EC77FC9013B97023006E0847 /* AddressBookUI.framework in Frameworks */ = {isa = PBXBuildFile; fileRef = EC77FC8F13B97023006E0847 /* AddressBookUI.framework */; };
		EC77FC9213B97023006E0847 /* AudioToolbox.framework in Frameworks */ = {isa = PBXBuildFile; fileRef = EC77FC9113B97023006E0847 /* AudioToolbox.framework */; };
		EC77FC9413B97023006E0847 /* AVFoundation.framework in Frameworks */ = {isa = PBXBuildFile; fileRef = EC77FC9313B97023006E0847 /* AVFoundation.framework */; };
		EC77FC9613B97023006E0847 /* CoreLocation.framework in Frameworks */ = {isa = PBXBuildFile; fileRef = EC77FC9513B97023006E0847 /* CoreLocation.framework */; };
		EC77FC9813B97023006E0847 /* MediaPlayer.framework in Frameworks */ = {isa = PBXBuildFile; fileRef = EC77FC9713B97023006E0847 /* MediaPlayer.framework */; };
		EC77FC9A13B97023006E0847 /* QuartzCore.framework in Frameworks */ = {isa = PBXBuildFile; fileRef = EC77FC9913B97023006E0847 /* QuartzCore.framework */; };
		EC77FC9C13B97023006E0847 /* SystemConfiguration.framework in Frameworks */ = {isa = PBXBuildFile; fileRef = EC77FC9B13B97023006E0847 /* SystemConfiguration.framework */; };
		EC77FC9E13B97023006E0847 /* MobileCoreServices.framework in Frameworks */ = {isa = PBXBuildFile; fileRef = EC77FC9D13B97023006E0847 /* MobileCoreServices.framework */; };
		EC77FCA213B97023006E0847 /* DrupalGeoPictureiOS-Info.plist in Resources */ = {isa = PBXBuildFile; fileRef = EC77FCA113B97023006E0847 /* DrupalGeoPictureiOS-Info.plist */; };
		EC77FCA513B97023006E0847 /* InfoPlist.strings in Resources */ = {isa = PBXBuildFile; fileRef = EC77FCA313B97023006E0847 /* InfoPlist.strings */; };
		EC77FCA813B97023006E0847 /* main.m in Sources */ = {isa = PBXBuildFile; fileRef = EC77FCA713B97023006E0847 /* main.m */; };
		EC77FCAA13B97023006E0847 /* PhoneGap.framework in Frameworks */ = {isa = PBXBuildFile; fileRef = EC77FCA913B97023006E0847 /* PhoneGap.framework */; };
		EC77FCAE13B97023006E0847 /* icon.png in Resources */ = {isa = PBXBuildFile; fileRef = EC77FCAD13B97023006E0847 /* icon.png */; };
		EC77FCB013B97023006E0847 /* icon@2x.png in Resources */ = {isa = PBXBuildFile; fileRef = EC77FCAF13B97023006E0847 /* icon@2x.png */; };
		EC77FCB213B97023006E0847 /* icon-72.png in Resources */ = {isa = PBXBuildFile; fileRef = EC77FCB113B97023006E0847 /* icon-72.png */; };
		EC77FCB513B97023006E0847 /* Default.png in Resources */ = {isa = PBXBuildFile; fileRef = EC77FCB413B97023006E0847 /* Default.png */; };
		EC77FCB713B97023006E0847 /* Default@2x.png in Resources */ = {isa = PBXBuildFile; fileRef = EC77FCB613B97023006E0847 /* Default@2x.png */; };
		EC77FCB913B97023006E0847 /* Default~iPad.png in Resources */ = {isa = PBXBuildFile; fileRef = EC77FCB813B97023006E0847 /* Default~iPad.png */; };
		EC77FCBB13B97023006E0847 /* PhoneGap.plist in Resources */ = {isa = PBXBuildFile; fileRef = EC77FCBA13B97023006E0847 /* PhoneGap.plist */; };
		EC77FCBE13B97023006E0847 /* AppDelegate.h in Resources */ = {isa = PBXBuildFile; fileRef = EC77FCBD13B97023006E0847 /* AppDelegate.h */; };
		EC77FCC013B97023006E0847 /* AppDelegate.m in Sources */ = {isa = PBXBuildFile; fileRef = EC77FCBF13B97023006E0847 /* AppDelegate.m */; };
		EC77FCC313B97023006E0847 /* README in Resources */ = {isa = PBXBuildFile; fileRef = EC77FCC213B97023006E0847 /* README */; };
		EC77FCCA13B97060006E0847 /* www in Resources */ = {isa = PBXBuildFile; fileRef = EC77FCC913B97060006E0847 /* www */; };
/* End PBXBuildFile section */

/* Begin PBXFileReference section */
		EC77FC8313B97023006E0847 /* DrupalGeoPictureiOS.app */ = {isa = PBXFileReference; explicitFileType = wrapper.application; includeInIndex = 0; path = DrupalGeoPictureiOS.app; sourceTree = BUILT_PRODUCTS_DIR; };
		EC77FC8713B97023006E0847 /* Foundation.framework */ = {isa = PBXFileReference; lastKnownFileType = wrapper.framework; name = Foundation.framework; path = System/Library/Frameworks/Foundation.framework; sourceTree = SDKROOT; };
		EC77FC8913B97023006E0847 /* UIKit.framework */ = {isa = PBXFileReference; lastKnownFileType = wrapper.framework; name = UIKit.framework; path = System/Library/Frameworks/UIKit.framework; sourceTree = SDKROOT; };
		EC77FC8B13B97023006E0847 /* CoreGraphics.framework */ = {isa = PBXFileReference; lastKnownFileType = wrapper.framework; name = CoreGraphics.framework; path = System/Library/Frameworks/CoreGraphics.framework; sourceTree = SDKROOT; };
		EC77FC8D13B97023006E0847 /* AddressBook.framework */ = {isa = PBXFileReference; lastKnownFileType = wrapper.framework; name = AddressBook.framework; path = System/Library/Frameworks/AddressBook.framework; sourceTree = SDKROOT; };
		EC77FC8F13B97023006E0847 /* AddressBookUI.framework */ = {isa = PBXFileReference; lastKnownFileType = wrapper.framework; name = AddressBookUI.framework; path = System/Library/Frameworks/AddressBookUI.framework; sourceTree = SDKROOT; };
		EC77FC9113B97023006E0847 /* AudioToolbox.framework */ = {isa = PBXFileReference; lastKnownFileType = wrapper.framework; name = AudioToolbox.framework; path = System/Library/Frameworks/AudioToolbox.framework; sourceTree = SDKROOT; };
		EC77FC9313B97023006E0847 /* AVFoundation.framework */ = {isa = PBXFileReference; lastKnownFileType = wrapper.framework; name = AVFoundation.framework; path = System/Library/Frameworks/AVFoundation.framework; sourceTree = SDKROOT; };
		EC77FC9513B97023006E0847 /* CoreLocation.framework */ = {isa = PBXFileReference; lastKnownFileType = wrapper.framework; name = CoreLocation.framework; path = System/Library/Frameworks/CoreLocation.framework; sourceTree = SDKROOT; };
		EC77FC9713B97023006E0847 /* MediaPlayer.framework */ = {isa = PBXFileReference; lastKnownFileType = wrapper.framework; name = MediaPlayer.framework; path = System/Library/Frameworks/MediaPlayer.framework; sourceTree = SDKROOT; };
		EC77FC9913B97023006E0847 /* QuartzCore.framework */ = {isa = PBXFileReference; lastKnownFileType = wrapper.framework; name = QuartzCore.framework; path = System/Library/Frameworks/QuartzCore.framework; sourceTree = SDKROOT; };
		EC77FC9B13B97023006E0847 /* SystemConfiguration.framework */ = {isa = PBXFileReference; lastKnownFileType = wrapper.framework; name = SystemConfiguration.framework; path = System/Library/Frameworks/SystemConfiguration.framework; sourceTree = SDKROOT; };
		EC77FC9D13B97023006E0847 /* MobileCoreServices.framework */ = {isa = PBXFileReference; lastKnownFileType = wrapper.framework; name = MobileCoreServices.framework; path = System/Library/Frameworks/MobileCoreServices.framework; sourceTree = SDKROOT; };
		EC77FCA113B97023006E0847 /* DrupalGeoPictureiOS-Info.plist */ = {isa = PBXFileReference; lastKnownFileType = text.plist.xml; path = "DrupalGeoPictureiOS-Info.plist"; sourceTree = "<group>"; };
		EC77FCA413B97023006E0847 /* en */ = {isa = PBXFileReference; lastKnownFileType = text.plist.strings; name = en; path = en.lproj/InfoPlist.strings; sourceTree = "<group>"; };
		EC77FCA613B97023006E0847 /* DrupalGeoPictureiOS-Prefix.pch */ = {isa = PBXFileReference; lastKnownFileType = sourcecode.c.h; path = "DrupalGeoPictureiOS-Prefix.pch"; sourceTree = "<group>"; };
		EC77FCA713B97023006E0847 /* main.m */ = {isa = PBXFileReference; lastKnownFileType = sourcecode.c.objc; path = main.m; sourceTree = "<group>"; };
		EC77FCA913B97023006E0847 /* PhoneGap.framework */ = {isa = PBXFileReference; lastKnownFileType = wrapper.framework; name = PhoneGap.framework; path = /Users/Shared/PhoneGap/Frameworks/PhoneGap.framework; sourceTree = "<absolute>"; };
		EC77FCAD13B97023006E0847 /* icon.png */ = {isa = PBXFileReference; lastKnownFileType = image.png; name = icon.png; path = Resources/icons/icon.png; sourceTree = "<group>"; };
		EC77FCAF13B97023006E0847 /* icon@2x.png */ = {isa = PBXFileReference; lastKnownFileType = image.png; name = "icon@2x.png"; path = "Resources/icons/icon@2x.png"; sourceTree = "<group>"; };
		EC77FCB113B97023006E0847 /* icon-72.png */ = {isa = PBXFileReference; lastKnownFileType = image.png; name = "icon-72.png"; path = "Resources/icons/icon-72.png"; sourceTree = "<group>"; };
		EC77FCB413B97023006E0847 /* Default.png */ = {isa = PBXFileReference; lastKnownFileType = image.png; name = Default.png; path = Resources/splash/Default.png; sourceTree = "<group>"; };
		EC77FCB613B97023006E0847 /* Default@2x.png */ = {isa = PBXFileReference; lastKnownFileType = image.png; name = "Default@2x.png"; path = "Resources/splash/Default@2x.png"; sourceTree = "<group>"; };
		EC77FCB813B97023006E0847 /* Default~iPad.png */ = {isa = PBXFileReference; lastKnownFileType = image.png; name = "Default~iPad.png"; path = "Resources/splash/Default~iPad.png"; sourceTree = "<group>"; };
		EC77FCBA13B97023006E0847 /* PhoneGap.plist */ = {isa = PBXFileReference; lastKnownFileType = text.plist.xml; path = PhoneGap.plist; sourceTree = "<group>"; };
		EC77FCBD13B97023006E0847 /* AppDelegate.h */ = {isa = PBXFileReference; lastKnownFileType = sourcecode.c.h; name = AppDelegate.h; path = Classes/AppDelegate.h; sourceTree = "<group>"; };
		EC77FCBF13B97023006E0847 /* AppDelegate.m */ = {isa = PBXFileReference; lastKnownFileType = sourcecode.c.objc; name = AppDelegate.m; path = Classes/AppDelegate.m; sourceTree = "<group>"; };
		EC77FCC213B97023006E0847 /* README */ = {isa = PBXFileReference; lastKnownFileType = text; name = README; path = Plugins/README; sourceTree = "<group>"; };
		EC77FCC913B97060006E0847 /* www */ = {isa = PBXFileReference; lastKnownFileType = folder; path = www; sourceTree = "<group>"; };
/* End PBXFileReference section */

/* Begin PBXFrameworksBuildPhase section */
		EC77FC7D13B97023006E0847 /* Frameworks */ = {
			isa = PBXFrameworksBuildPhase;
			buildActionMask = 2147483647;
			files = (
				EC77FC8813B97023006E0847 /* Foundation.framework in Frameworks */,
				EC77FC8A13B97023006E0847 /* UIKit.framework in Frameworks */,
				EC77FC8C13B97023006E0847 /* CoreGraphics.framework in Frameworks */,
				EC77FC8E13B97023006E0847 /* AddressBook.framework in Frameworks */,
				EC77FC9013B97023006E0847 /* AddressBookUI.framework in Frameworks */,
				EC77FC9213B97023006E0847 /* AudioToolbox.framework in Frameworks */,
				EC77FC9413B97023006E0847 /* AVFoundation.framework in Frameworks */,
				EC77FC9613B97023006E0847 /* CoreLocation.framework in Frameworks */,
				EC77FC9813B97023006E0847 /* MediaPlayer.framework in Frameworks */,
				EC77FC9A13B97023006E0847 /* QuartzCore.framework in Frameworks */,
				EC77FC9C13B97023006E0847 /* SystemConfiguration.framework in Frameworks */,
				EC77FC9E13B97023006E0847 /* MobileCoreServices.framework in Frameworks */,
				EC77FCAA13B97023006E0847 /* PhoneGap.framework in Frameworks */,
			);
			runOnlyForDeploymentPostprocessing = 0;
		};
		EC77FC8013B97023006E0847 /* Frameworks */ = {
			isa = PBXFrameworksBuildPhase;
			buildActionMask = 2147483647;
			files = (
			);
			runOnlyForDeploymentPostprocessing = 0;
		};
/* End PBXFrameworksBuildPhase section */

/* Begin PBXGroup section */
		EC77FC7513B97023006E0847 = {
			isa = PBXGroup;
			children = (
				EC77FCC913B97060006E0847 /* www */,
				EC77FC9F13B97023006E0847 /* DrupalGeoPictureiOS */,
				EC77FC8613B97023006E0847 /* Frameworks */,
				EC77FC8413B97023006E0847 /* Products */,
			);
			sourceTree = "<group>";
		};
		EC77FC8413B97023006E0847 /* Products */ = {
			isa = PBXGroup;
			children = (
				EC77FC8313B97023006E0847 /* DrupalGeoPictureiOS.app */,
			);
			name = Products;
			sourceTree = "<group>";
		};
		EC77FC8613B97023006E0847 /* Frameworks */ = {
			isa = PBXGroup;
			children = (
				EC77FC8713B97023006E0847 /* Foundation.framework */,
				EC77FC8913B97023006E0847 /* UIKit.framework */,
				EC77FC8B13B97023006E0847 /* CoreGraphics.framework */,
				EC77FC8D13B97023006E0847 /* AddressBook.framework */,
				EC77FC8F13B97023006E0847 /* AddressBookUI.framework */,
				EC77FC9113B97023006E0847 /* AudioToolbox.framework */,
				EC77FC9313B97023006E0847 /* AVFoundation.framework */,
				EC77FC9513B97023006E0847 /* CoreLocation.framework */,
				EC77FC9713B97023006E0847 /* MediaPlayer.framework */,
				EC77FC9913B97023006E0847 /* QuartzCore.framework */,
				EC77FC9B13B97023006E0847 /* SystemConfiguration.framework */,
				EC77FC9D13B97023006E0847 /* MobileCoreServices.framework */,
			);
			name = Frameworks;
			sourceTree = "<group>";
		};
		EC77FC9F13B97023006E0847 /* DrupalGeoPictureiOS */ = {
			isa = PBXGroup;
			children = (
				EC77FCA913B97023006E0847 /* PhoneGap.framework */,
				EC77FCAB13B97023006E0847 /* Resources */,
				EC77FCBC13B97023006E0847 /* Classes */,
				EC77FCC113B97023006E0847 /* Plugins */,
				EC77FCA013B97023006E0847 /* Supporting Files */,
			);
			path = DrupalGeoPictureiOS;
			sourceTree = "<group>";
		};
		EC77FCA013B97023006E0847 /* Supporting Files */ = {
			isa = PBXGroup;
			children = (
				EC77FCA113B97023006E0847 /* DrupalGeoPictureiOS-Info.plist */,
				EC77FCA313B97023006E0847 /* InfoPlist.strings */,
				EC77FCA613B97023006E0847 /* DrupalGeoPictureiOS-Prefix.pch */,
				EC77FCA713B97023006E0847 /* main.m */,
				EC77FCBA13B97023006E0847 /* PhoneGap.plist */,
			);
			name = "Supporting Files";
			sourceTree = "<group>";
		};
		EC77FCAB13B97023006E0847 /* Resources */ = {
			isa = PBXGroup;
			children = (
				EC77FCAC13B97023006E0847 /* icons */,
				EC77FCB313B97023006E0847 /* splash */,
			);
			name = Resources;
			sourceTree = "<group>";
		};
		EC77FCAC13B97023006E0847 /* icons */ = {
			isa = PBXGroup;
			children = (
				EC77FCAD13B97023006E0847 /* icon.png */,
				EC77FCAF13B97023006E0847 /* icon@2x.png */,
				EC77FCB113B97023006E0847 /* icon-72.png */,
			);
			name = icons;
			sourceTree = "<group>";
		};
		EC77FCB313B97023006E0847 /* splash */ = {
			isa = PBXGroup;
			children = (
				EC77FCB413B97023006E0847 /* Default.png */,
				EC77FCB613B97023006E0847 /* Default@2x.png */,
				EC77FCB813B97023006E0847 /* Default~iPad.png */,
			);
			name = splash;
			sourceTree = "<group>";
		};
		EC77FCBC13B97023006E0847 /* Classes */ = {
			isa = PBXGroup;
			children = (
				EC77FCBD13B97023006E0847 /* AppDelegate.h */,
				EC77FCBF13B97023006E0847 /* AppDelegate.m */,
			);
			name = Classes;
			sourceTree = "<group>";
		};
		EC77FCC113B97023006E0847 /* Plugins */ = {
			isa = PBXGroup;
			children = (
				EC77FCC213B97023006E0847 /* README */,
			);
			name = Plugins;
			sourceTree = "<group>";
		};
/* End PBXGroup section */

/* Begin PBXNativeTarget section */
		EC77FC8213B97023006E0847 /* DrupalGeoPictureiOS */ = {
			isa = PBXNativeTarget;
			buildConfigurationList = EC77FCC613B97023006E0847 /* Build configuration list for PBXNativeTarget "DrupalGeoPictureiOS" */;
			buildPhases = (
				EC77FC7C13B97023006E0847 /* Sources */,
				EC77FC7D13B97023006E0847 /* Frameworks */,
				EC77FC7E13B97023006E0847 /* Resources */,
				EC77FC7F13B97023006E0847 /* Sources */,
				EC77FC8013B97023006E0847 /* Frameworks */,
				EC77FC8113B97023006E0847 /* ShellScript */,
			);
			buildRules = (
			);
			dependencies = (
			);
			name = DrupalGeoPictureiOS;
			productName = DrupalGeoPictureiOS;
			productReference = EC77FC8313B97023006E0847 /* DrupalGeoPictureiOS.app */;
			productType = "com.apple.product-type.application";
		};
/* End PBXNativeTarget section */

/* Begin PBXProject section */
		EC77FC7713B97023006E0847 /* Project object */ = {
			isa = PBXProject;
			attributes = {
				ORGANIZATIONNAME = "Christian Yates Interactive";
			};
			buildConfigurationList = EC77FC7A13B97023006E0847 /* Build configuration list for PBXProject "DrupalGeoPictureiOS" */;
			compatibilityVersion = "Xcode 3.2";
			developmentRegion = English;
			hasScannedForEncodings = 0;
			knownRegions = (
				en,
			);
			mainGroup = EC77FC7513B97023006E0847;
			productRefGroup = EC77FC8413B97023006E0847 /* Products */;
			projectDirPath = "";
			projectRoot = "";
			targets = (
				EC77FC8213B97023006E0847 /* DrupalGeoPictureiOS */,
			);
		};
/* End PBXProject section */

/* Begin PBXResourcesBuildPhase section */
		EC77FC7E13B97023006E0847 /* Resources */ = {
			isa = PBXResourcesBuildPhase;
			buildActionMask = 2147483647;
			files = (
				EC77FCA213B97023006E0847 /* DrupalGeoPictureiOS-Info.plist in Resources */,
				EC77FCA513B97023006E0847 /* InfoPlist.strings in Resources */,
				EC77FCAE13B97023006E0847 /* icon.png in Resources */,
				EC77FCB013B97023006E0847 /* icon@2x.png in Resources */,
				EC77FCB213B97023006E0847 /* icon-72.png in Resources */,
				EC77FCB513B97023006E0847 /* Default.png in Resources */,
				EC77FCB713B97023006E0847 /* Default@2x.png in Resources */,
				EC77FCB913B97023006E0847 /* Default~iPad.png in Resources */,
				EC77FCBB13B97023006E0847 /* PhoneGap.plist in Resources */,
				EC77FCBE13B97023006E0847 /* AppDelegate.h in Resources */,
				EC77FCC313B97023006E0847 /* README in Resources */,
				EC77FCCA13B97060006E0847 /* www in Resources */,
			);
			runOnlyForDeploymentPostprocessing = 0;
		};
/* End PBXResourcesBuildPhase section */

/* Begin PBXShellScriptBuildPhase section */
		EC77FC8113B97023006E0847 /* ShellScript */ = {
			isa = PBXShellScriptBuildPhase;
			buildActionMask = 2147483647;
			files = (
			);
			inputPaths = (
			);
			outputPaths = (
			);
			runOnlyForDeploymentPostprocessing = 0;
			shellPath = /bin/bash;
			shellScript = "\n\t\t\t\t\t\t\t\tif [ ! -d \"$PROJECT_DIR/www\" ] ; then\n\t\t\t\t\t\t\t\t\tcp -R /Users/Shared/PhoneGap/Frameworks/PhoneGap.framework/www \"$PROJECT_DIR\"\n\t\t\t\t\t\t\t\tfi\n\t\t\t\t\t\t\t\t# detect www folder reference in project, if missing, print warning\n\t\t\t\t\t\t\t\tgrep \"{isa = PBXFileReference; lastKnownFileType = folder; path = www; sourceTree = \\\"<group>\\\"; };\" \"$PROJECT_DIR/$PROJECT_NAME.xcodeproj/project.pbxproj\"\n\t\t\t\t\t\t\t\trc=$? \n\t\t\t\t\t\t\t\tif [ $rc != 0 ] ; then\n\t\t\t\t\t\t\t\techo -e \"warning: Missing - Add $PROJECT_DIR/www as a folder reference in your project. Just drag and drop the folder into your project, in Xcode 4.\" 1>&2\n\t\t\t\t\t\t\t\tfi\t\t\t\t\t\t\t";
		};
/* End PBXShellScriptBuildPhase section */

/* Begin PBXSourcesBuildPhase section */
		EC77FC7C13B97023006E0847 /* Sources */ = {
			isa = PBXSourcesBuildPhase;
			buildActionMask = 2147483647;
			files = (
				EC77FCA813B97023006E0847 /* main.m in Sources */,
				EC77FCC013B97023006E0847 /* AppDelegate.m in Sources */,
			);
			runOnlyForDeploymentPostprocessing = 0;
		};
		EC77FC7F13B97023006E0847 /* Sources */ = {
			isa = PBXSourcesBuildPhase;
			buildActionMask = 2147483647;
			files = (
			);
			runOnlyForDeploymentPostprocessing = 0;
		};
/* End PBXSourcesBuildPhase section */

/* Begin PBXVariantGroup section */
		EC77FCA313B97023006E0847 /* InfoPlist.strings */ = {
			isa = PBXVariantGroup;
			children = (
				EC77FCA413B97023006E0847 /* en */,
			);
			name = InfoPlist.strings;
			sourceTree = "<group>";
		};
/* End PBXVariantGroup section */

/* Begin XCBuildConfiguration section */
		EC77FCC413B97023006E0847 /* Debug */ = {
			isa = XCBuildConfiguration;
			buildSettings = {
				ARCHS = "$(ARCHS_STANDARD_32_BIT)";
				"CODE_SIGN_IDENTITY[sdk=iphoneos*]" = "iPhone Developer";
				GCC_C_LANGUAGE_STANDARD = gnu99;
				GCC_OPTIMIZATION_LEVEL = 0;
				GCC_PREPROCESSOR_DEFINITIONS = DEBUG;
				GCC_SYMBOLS_PRIVATE_EXTERN = NO;
				GCC_VERSION = com.apple.compilers.llvmgcc42;
				GCC_WARN_ABOUT_RETURN_TYPE = YES;
				GCC_WARN_UNUSED_VARIABLE = YES;
				IPHONEOS_DEPLOYMENT_TARGET = 3.1;
				SDKROOT = iphoneos;
			};
			name = Debug;
		};
		EC77FCC513B97023006E0847 /* Release */ = {
			isa = XCBuildConfiguration;
			buildSettings = {
				ARCHS = "$(ARCHS_STANDARD_32_BIT)";
				"CODE_SIGN_IDENTITY[sdk=iphoneos*]" = "iPhone Developer";
				GCC_C_LANGUAGE_STANDARD = gnu99;
				GCC_VERSION = com.apple.compilers.llvmgcc42;
				GCC_WARN_ABOUT_RETURN_TYPE = YES;
				GCC_WARN_UNUSED_VARIABLE = YES;
				IPHONEOS_DEPLOYMENT_TARGET = 3.1;
				SDKROOT = iphoneos;
			};
			name = Release;
		};
		EC77FCC713B97023006E0847 /* Debug */ = {
			isa = XCBuildConfiguration;
			buildSettings = {
				ALWAYS_SEARCH_USER_PATHS = YES;
				COPY_PHASE_STRIP = NO;
				FRAMEWORK_SEARCH_PATHS = /Users/Shared/PhoneGap/Frameworks;
				GCC_DYNAMIC_NO_PIC = NO;
				GCC_PRECOMPILE_PREFIX_HEADER = YES;
				GCC_PREFIX_HEADER = "DrupalGeoPictureiOS/DrupalGeoPictureiOS-Prefix.pch";
				GCC_PREPROCESSOR_DEFINITIONS = "PHONEGAP_FRAMEWORK=YES";
				INFOPLIST_FILE = "DrupalGeoPictureiOS/DrupalGeoPictureiOS-Info.plist";
				PRODUCT_NAME = "$(TARGET_NAME)";
				WRAPPER_EXTENSION = app;
			};
			name = Debug;
		};
		EC77FCC813B97023006E0847 /* Release */ = {
			isa = XCBuildConfiguration;
			buildSettings = {
				ALWAYS_SEARCH_USER_PATHS = YES;
				COPY_PHASE_STRIP = YES;
				DEBUG_INFORMATION_FORMAT = "dwarf-with-dsym";
				FRAMEWORK_SEARCH_PATHS = /Users/Shared/PhoneGap/Frameworks;
				GCC_PRECOMPILE_PREFIX_HEADER = YES;
				GCC_PREFIX_HEADER = "DrupalGeoPictureiOS/DrupalGeoPictureiOS-Prefix.pch";
				GCC_PREPROCESSOR_DEFINITIONS = "PHONEGAP_FRAMEWORK=YES";
				INFOPLIST_FILE = "DrupalGeoPictureiOS/DrupalGeoPictureiOS-Info.plist";
				PRODUCT_NAME = "$(TARGET_NAME)";
				VALIDATE_PRODUCT = YES;
				WRAPPER_EXTENSION = app;
			};
			name = Release;
		};
/* End XCBuildConfiguration section */

/* Begin XCConfigurationList section */
		EC77FC7A13B97023006E0847 /* Build configuration list for PBXProject "DrupalGeoPictureiOS" */ = {
			isa = XCConfigurationList;
			buildConfigurations = (
				EC77FCC413B97023006E0847 /* Debug */,
				EC77FCC513B97023006E0847 /* Release */,
			);
			defaultConfigurationIsVisible = 0;
			defaultConfigurationName = Release;
		};
		EC77FCC613B97023006E0847 /* Build configuration list for PBXNativeTarget "DrupalGeoPictureiOS" */ = {
			isa = XCConfigurationList;
			buildConfigurations = (
				EC77FCC713B97023006E0847 /* Debug */,
				EC77FCC813B97023006E0847 /* Release */,
			);
			defaultConfigurationIsVisible = 0;
		};
/* End XCConfigurationList section */
	};
	rootObject = EC77FC7713B97023006E0847 /* Project object */;
}
